
Microsoft Visual Studio Solution File, Format Version 12.00
# Visual Studio Version 17
VisualStudioVersion = 17.9.34723.18
MinimumVisualStudioVersion = 10.0.40219.1
Project("{FAE04EC0-301F-11D3-BF4B-00C04F79EFBC}") = "Musem", "Musem\Musem.csproj", "{2C5DF2D0-EE97-494D-94BE-FE731A636DE4}"
EndProject
Global
	GlobalSection(SolutionConfigurationPlatforms) = preSolution
		Debug|Any CPU = Debug|Any CPU
		Release|Any CPU = Release|Any CPU
	EndGlobalSection
	GlobalSection(ProjectConfigurationPlatforms) = postSolution
		{2C5DF2D0-EE97-494D-94BE-FE731A636DE4}.Debug|Any CPU.ActiveCfg = Debug|Any CPU
		{2C5DF2D0-EE97-494D-94BE-FE731A636DE4}.Debug|Any CPU.Build.0 = Debug|Any CPU
		{2C5DF2D0-EE97-494D-94BE-FE731A636DE4}.Release|Any CPU.ActiveCfg = Release|Any CPU
		{2C5DF2D0-EE97-494D-94BE-FE731A636DE4}.Release|Any CPU.Build.0 = Release|Any CPU
	EndGlobalSection
	GlobalSection(SolutionProperties) = preSolution
		HideSolutionNode = FALSE
	EndGlobalSection
	GlobalSection(ExtensibilityGlobals) = postSolution
		SolutionGuid = {2E3ECDD5-D555-4E9B-9CC5-76ECE6860A52}
	EndGlobalSection
EndGlobal
